
Microsoft Visual Studio Solution File, Format Version 12.00
# Visual Studio Version 16
VisualStudioVersion = 16.0.31410.357
MinimumVisualStudioVersion = 10.0.40219.1
Project("{2150E333-8FDC-42A3-9474-1A3956D46DE8}") = "ThirdParty", "ThirdParty", "{DDCE5A12-6C3A-4ED9-83EA-4AE16846306C}"
EndProject
Project("{FAE04EC0-301F-11D3-BF4B-00C04F79EFBC}") = "Paxi.GraphQL.Demo.Fund.Api", "Paxi.GraphQL.Demo.Fund.Api\Paxi.GraphQL.Demo.Fund.Api.csproj", "{6EF94EEC-6C4C-43DF-8491-598F23A5EE64}"
EndProject
Project("{FAE04EC0-301F-11D3-BF4B-00C04F79EFBC}") = "Paxi.GraphQL.Demo.Shares.Api", "Paxi.GraphQL.Demo.Shares.Api\Paxi.GraphQL.Demo.Shares.Api.csproj", "{47BAC448-F37A-452F-8F98-2697C6F2E60D}"
EndProject
Global
	GlobalSection(SolutionConfigurationPlatforms) = preSolution
		Debug|Any CPU = Debug|Any CPU
		Release|Any CPU = Release|Any CPU
	EndGlobalSection
	GlobalSection(ProjectConfigurationPlatforms) = postSolution
		{6EF94EEC-6C4C-43DF-8491-598F23A5EE64}.Debug|Any CPU.ActiveCfg = Debug|Any CPU
		{6EF94EEC-6C4C-43DF-8491-598F23A5EE64}.Debug|Any CPU.Build.0 = Debug|Any CPU
		{6EF94EEC-6C4C-43DF-8491-598F23A5EE64}.Release|Any CPU.ActiveCfg = Release|Any CPU
		{6EF94EEC-6C4C-43DF-8491-598F23A5EE64}.Release|Any CPU.Build.0 = Release|Any CPU
		{47BAC448-F37A-452F-8F98-2697C6F2E60D}.Debug|Any CPU.ActiveCfg = Debug|Any CPU
		{47BAC448-F37A-452F-8F98-2697C6F2E60D}.Debug|Any CPU.Build.0 = Debug|Any CPU
		{47BAC448-F37A-452F-8F98-2697C6F2E60D}.Release|Any CPU.ActiveCfg = Release|Any CPU
		{47BAC448-F37A-452F-8F98-2697C6F2E60D}.Release|Any CPU.Build.0 = Release|Any CPU
	EndGlobalSection
	GlobalSection(SolutionProperties) = preSolution
		HideSolutionNode = FALSE
	EndGlobalSection
	GlobalSection(NestedProjects) = preSolution
		{6EF94EEC-6C4C-43DF-8491-598F23A5EE64} = {DDCE5A12-6C3A-4ED9-83EA-4AE16846306C}
		{47BAC448-F37A-452F-8F98-2697C6F2E60D} = {DDCE5A12-6C3A-4ED9-83EA-4AE16846306C}
	EndGlobalSection
	GlobalSection(ExtensibilityGlobals) = postSolution
		SolutionGuid = {8E95B68F-D0EF-4282-82AE-8324321510D9}
	EndGlobalSection
EndGlobal
